
Microsoft Visual Studio Solution File, Format Version 12.00
# Visual Studio Version 16
VisualStudioVersion = 16.0.30225.117
MinimumVisualStudioVersion = 10.0.40219.1
Project("{9A19103F-16F7-4668-BE54-9A1E7A4F7556}") = "Cardano.MarsRover", "Cardano.MarsRover\Cardano.MarsRover.csproj", "{FC50980E-C004-4713-836E-5B949232E304}"
EndProject
Project("{9A19103F-16F7-4668-BE54-9A1E7A4F7556}") = "Cardano.MarsRover.Tests", "Cardano.MarsRover.Tests\Cardano.MarsRover.Tests.csproj", "{ED62F34B-F299-414D-8414-838104392D56}"
EndProject
Project("{FAE04EC0-301F-11D3-BF4B-00C04F79EFBC}") = "Cardano.MarsRover.Core", "Cardano.MarsRover.Core\Cardano.MarsRover.Core.csproj", "{0B228855-C33C-416A-9B93-E80ED140FB19}"
EndProject
Global
	GlobalSection(SolutionConfigurationPlatforms) = preSolution
		Debug|Any CPU = Debug|Any CPU
		Release|Any CPU = Release|Any CPU
	EndGlobalSection
	GlobalSection(ProjectConfigurationPlatforms) = postSolution
		{FC50980E-C004-4713-836E-5B949232E304}.Debug|Any CPU.ActiveCfg = Debug|Any CPU
		{FC50980E-C004-4713-836E-5B949232E304}.Debug|Any CPU.Build.0 = Debug|Any CPU
		{FC50980E-C004-4713-836E-5B949232E304}.Release|Any CPU.ActiveCfg = Release|Any CPU
		{FC50980E-C004-4713-836E-5B949232E304}.Release|Any CPU.Build.0 = Release|Any CPU
		{ED62F34B-F299-414D-8414-838104392D56}.Debug|Any CPU.ActiveCfg = Debug|Any CPU
		{ED62F34B-F299-414D-8414-838104392D56}.Debug|Any CPU.Build.0 = Debug|Any CPU
		{ED62F34B-F299-414D-8414-838104392D56}.Release|Any CPU.ActiveCfg = Release|Any CPU
		{ED62F34B-F299-414D-8414-838104392D56}.Release|Any CPU.Build.0 = Release|Any CPU
		{0B228855-C33C-416A-9B93-E80ED140FB19}.Debug|Any CPU.ActiveCfg = Debug|Any CPU
		{0B228855-C33C-416A-9B93-E80ED140FB19}.Debug|Any CPU.Build.0 = Debug|Any CPU
		{0B228855-C33C-416A-9B93-E80ED140FB19}.Release|Any CPU.ActiveCfg = Release|Any CPU
		{0B228855-C33C-416A-9B93-E80ED140FB19}.Release|Any CPU.Build.0 = Release|Any CPU
	EndGlobalSection
	GlobalSection(SolutionProperties) = preSolution
		HideSolutionNode = FALSE
	EndGlobalSection
	GlobalSection(ExtensibilityGlobals) = postSolution
		SolutionGuid = {492BA71D-D5C2-4E08-98A7-23F517007659}
	EndGlobalSection
EndGlobal
